# generated by rye
# use `rye lock` or `rye sync` to update this lockfile
#
# last locked with the following flags:
#   pre: false
#   features: []
#   all-features: false
#   with-sources: false

-e file:.
apscheduler==3.10.4
    # via django-apscheduler
    # via new-monitor
asgiref==3.8.1
    # via django
certifi==2024.6.2
    # via requests
charset-normalizer==3.3.2
    # via requests
django==5.0.6
    # via django-apscheduler
    # via djangorestframework
    # via new-monitor
django-apscheduler==0.6.2
    # via new-monitor
djangorestframework==3.15.1
    # via new-monitor
gunicorn==22.0.0
    # via new-monitor
idna==3.7
    # via requests
packaging==24.0
    # via gunicorn
python-decouple==3.8
    # via new-monitor
python-dotenv==1.0.1
    # via new-monitor
pytz==2024.1
    # via apscheduler
requests==2.32.3
    # via new-monitor
six==1.16.0
    # via apscheduler
sqlparse==0.5.0
    # via django
tzlocal==5.2
    # via apscheduler
urllib3==2.2.1
    # via requests
